
Microsoft Visual Studio Solution File, Format Version 12.00
Project("{FAE04EC0-301F-11D3-BF4B-00C04F79EFBC}") = "OODProject", "OODProject\OODProject.csproj", "{19C38CCB-80F0-46CB-8B2B-895A3BA93058}"
EndProject
Global
	GlobalSection(SolutionConfigurationPlatforms) = preSolution
		Debug|Any CPU = Debug|Any CPU
		Release|Any CPU = Release|Any CPU
	EndGlobalSection
	GlobalSection(ProjectConfigurationPlatforms) = postSolution
		{19C38CCB-80F0-46CB-8B2B-895A3BA93058}.Debug|Any CPU.ActiveCfg = Debug|Any CPU
		{19C38CCB-80F0-46CB-8B2B-895A3BA93058}.Debug|Any CPU.Build.0 = Debug|Any CPU
		{19C38CCB-80F0-46CB-8B2B-895A3BA93058}.Release|Any CPU.ActiveCfg = Release|Any CPU
		{19C38CCB-80F0-46CB-8B2B-895A3BA93058}.Release|Any CPU.Build.0 = Release|Any CPU
	EndGlobalSection
EndGlobal
